
Microsoft Visual Studio Solution File, Format Version 12.00
# Visual Studio Version 17
VisualStudioVersion = 17.6.33829.357
MinimumVisualStudioVersion = 10.0.40219.1
Project("{8BC9CEB8-8B4A-11D0-8D11-00A0C91BC942}") = "amber", "amber.vcxproj", "{99065C73-EC08-4FB8-A31A-521C1133C748}"
EndProject
Global
	GlobalSection(SolutionConfigurationPlatforms) = preSolution
		Debug|x64 = Debug|x64
		Debug|x86 = Debug|x86
		Release|x64 = Release|x64
		Release|x86 = Release|x86
	EndGlobalSection
	GlobalSection(ProjectConfigurationPlatforms) = postSolution
		{99065C73-EC08-4FB8-A31A-521C1133C748}.Debug|x64.ActiveCfg = Debug|x64
		{99065C73-EC08-4FB8-A31A-521C1133C748}.Debug|x64.Build.0 = Debug|x64
		{99065C73-EC08-4FB8-A31A-521C1133C748}.Debug|x86.ActiveCfg = Debug|Win32
		{99065C73-EC08-4FB8-A31A-521C1133C748}.Debug|x86.Build.0 = Debug|Win32
		{99065C73-EC08-4FB8-A31A-521C1133C748}.Release|x64.ActiveCfg = Release|x64
		{99065C73-EC08-4FB8-A31A-521C1133C748}.Release|x64.Build.0 = Release|x64
		{99065C73-EC08-4FB8-A31A-521C1133C748}.Release|x86.ActiveCfg = Release|Win32
		{99065C73-EC08-4FB8-A31A-521C1133C748}.Release|x86.Build.0 = Release|Win32
	EndGlobalSection
	GlobalSection(SolutionProperties) = preSolution
		HideSolutionNode = FALSE
	EndGlobalSection
	GlobalSection(ExtensibilityGlobals) = postSolution
		SolutionGuid = {DA1B1335-1461-4B3C-8D75-012621C6C9D5}
	EndGlobalSection
EndGlobal
